
Microsoft Visual Studio Solution File, Format Version 12.00
# Visual Studio 15
VisualStudioVersion = 15.0.28307.757
MinimumVisualStudioVersion = 10.0.40219.1
Project("{FAE04EC0-301F-11D3-BF4B-00C04F79EFBC}") = "csharp-console-market2system", "csharp-console-market2system\csharp-console-market2system.csproj", "{70904091-4B46-4F7E-8832-AA0E14D30336}"
EndProject
Global
	GlobalSection(SolutionConfigurationPlatforms) = preSolution
		Debug|Any CPU = Debug|Any CPU
		Release|Any CPU = Release|Any CPU
	EndGlobalSection
	GlobalSection(ProjectConfigurationPlatforms) = postSolution
		{70904091-4B46-4F7E-8832-AA0E14D30336}.Debug|Any CPU.ActiveCfg = Debug|Any CPU
		{70904091-4B46-4F7E-8832-AA0E14D30336}.Debug|Any CPU.Build.0 = Debug|Any CPU
		{70904091-4B46-4F7E-8832-AA0E14D30336}.Release|Any CPU.ActiveCfg = Release|Any CPU
		{70904091-4B46-4F7E-8832-AA0E14D30336}.Release|Any CPU.Build.0 = Release|Any CPU
	EndGlobalSection
	GlobalSection(SolutionProperties) = preSolution
		HideSolutionNode = FALSE
	EndGlobalSection
	GlobalSection(ExtensibilityGlobals) = postSolution
		SolutionGuid = {8A8C4EC5-2AD7-4C9F-8123-00F077969626}
	EndGlobalSection
EndGlobal
